
Microsoft Visual Studio Solution File, Format Version 12.00
# Visual Studio Version 16
VisualStudioVersion = 16.0.30225.117
MinimumVisualStudioVersion = 10.0.40219.1
Project("{FAE04EC0-301F-11D3-BF4B-00C04F79EFBC}") = "PoultryFarmManagementSystem", "PoultryFarmManagementSystem\PoultryFarmManagementSystem.csproj", "{A4B9B95E-2CB1-4326-B27B-A51C57F57CAD}"
EndProject
Global
	GlobalSection(SolutionConfigurationPlatforms) = preSolution
		Debug|Any CPU = Debug|Any CPU
		Release|Any CPU = Release|Any CPU
	EndGlobalSection
	GlobalSection(ProjectConfigurationPlatforms) = postSolution
		{A4B9B95E-2CB1-4326-B27B-A51C57F57CAD}.Debug|Any CPU.ActiveCfg = Debug|Any CPU
		{A4B9B95E-2CB1-4326-B27B-A51C57F57CAD}.Debug|Any CPU.Build.0 = Debug|Any CPU
		{A4B9B95E-2CB1-4326-B27B-A51C57F57CAD}.Release|Any CPU.ActiveCfg = Release|Any CPU
		{A4B9B95E-2CB1-4326-B27B-A51C57F57CAD}.Release|Any CPU.Build.0 = Release|Any CPU
	EndGlobalSection
	GlobalSection(SolutionProperties) = preSolution
		HideSolutionNode = FALSE
	EndGlobalSection
	GlobalSection(ExtensibilityGlobals) = postSolution
		SolutionGuid = {AD806CFE-A880-4C4A-8A4A-4FE7F230F00B}
	EndGlobalSection
EndGlobal
